{
  "requires": true,
  "lockfileVersion": 1,
  "dependencies": {
    "@angular/animations": {
      "version": "6.1.2",
      "resolved": "https://registry.npmjs.org/@angular/animations/-/animations-6.1.2.tgz",
      "integrity": "sha512-E6eFwoRSKKEGPDsIF5AnecDid3ZoOczG5WUTpOYIGUfKtB1kqiisZCP/090RWN48xU3nDssxwPiN9dJ7a4Hf4w==",
      "requires": {
        "tslib": "1.9.3"
      }
    },
    "@angular/cdk": {
      "version": "6.4.3",
      "resolved": "https://registry.npmjs.org/@angular/cdk/-/cdk-6.4.3.tgz",
      "integrity": "sha512-GRvBp0svHeA0Jg0wlGj1m6xRFbt1M6CuowD2ht/h0qe6NizxLPxxXC0RTOdL4YSvMK7Bkadcggb+el7HLDfwAA==",
      "requires": {
        "tslib": "1.9.3"
      }
    },
    "@angular/material": {
      "version": "6.4.3",
      "resolved": "https://registry.npmjs.org/@angular/material/-/material-6.4.3.tgz",
      "integrity": "sha512-ij4UBC/fUcTs+3P8rBzoNPy/doox2SLOLhjzh6M16c9JGPche3I1EInBfD2uCDVfwfh+NmTrR8inqMKroi4zuA==",
      "requires": {
        "parse5": "5.0.0",
        "tslib": "1.9.3"
      }
    },
    "@types/jquery": {
      "version": "3.3.5",
      "resolved": "https://registry.npmjs.org/@types/jquery/-/jquery-3.3.5.tgz",
      "integrity": "sha512-18OnkBZ+9pOx8grC2w4i256VS+9j/Ya/N0DcWkZRgPrg7V2oolgk8n7790goBlnChL6nIXAXy1lBTrz/r4lJTg=="
    },
    "@types/materialize-css": {
      "version": "0.100.4",
      "resolved": "https://registry.npmjs.org/@types/materialize-css/-/materialize-css-0.100.4.tgz",
      "integrity": "sha512-94qyT/+vcHv3X9DwTS0uh+V5dlhjQ7BdeGQMfoY8+I1fPQj1gk7kxA4cXQfGNrIXG0EvCymDFVcgtSAE1m6hcA==",
      "requires": {
        "@types/jquery": "3.3.5",
        "@types/pickadate": "3.5.31"
      }
    },
    "@types/pickadate": {
      "version": "3.5.31",
      "resolved": "https://registry.npmjs.org/@types/pickadate/-/pickadate-3.5.31.tgz",
      "integrity": "sha512-DT3aPvNJ09Lw05RU/eNgFBHtHmslRbHUb8YKNqQm8jHPc0aP2de/fzzdRGFHL0eQRZP43KbqdO5KBHinS6Kbgw==",
      "requires": {
        "@types/jquery": "3.3.5"
      }
    },
    "hammerjs": {
      "version": "2.0.8",
      "resolved": "https://registry.npmjs.org/hammerjs/-/hammerjs-2.0.8.tgz",
      "integrity": "sha1-BO93hiz/K7edMPdpIJWTAiK/YPE="
    },
    "jquery": {
      "version": "3.3.1",
      "resolved": "https://registry.npmjs.org/jquery/-/jquery-3.3.1.tgz",
      "integrity": "sha512-Ubldcmxp5np52/ENotGxlLe6aGMvmF4R8S6tZjsP6Knsaxd/xp3Zrh50cG93lR6nPXyUFwzN3ZSOQI0wRJNdGg=="
    },
    "materialize-css": {
      "version": "1.0.0-rc.2",
      "resolved": "https://registry.npmjs.org/materialize-css/-/materialize-css-1.0.0-rc.2.tgz",
      "integrity": "sha512-FuQmSyq4Qv0ov7A2qXw0E6/jbQzSWx2P1pg2/XQDYTkkSc/GyiFAxu3fw9zgShwuTvyumEiw5jkxQWT9siqMBQ=="
    },
    "ng2-materialize": {
      "version": "1.8.1",
      "resolved": "https://registry.npmjs.org/ng2-materialize/-/ng2-materialize-1.8.1.tgz",
      "integrity": "sha512-0coIpV1c3vAfu6UbfDjrzmcFjgNkaRPUlnltUPzLt/HRZjxiLgC+W5Y69+HQ55ni8TW5Fkx2A8t8ydBdc30jqA==",
      "requires": {
        "@types/jquery": "3.3.5",
        "@types/materialize-css": "0.100.4",
        "materialize-css": "0.100.2"
      },
      "dependencies": {
        "materialize-css": {
          "version": "0.100.2",
          "resolved": "https://registry.npmjs.org/materialize-css/-/materialize-css-0.100.2.tgz",
          "integrity": "sha512-Bf4YeoJCIdk4dlpnmVX+DIOJBbqOKwfBPD+tT5bxwXNFMLk649CGbldqtnctkkfMp+fGgSAsdYu9lo1ZolZqgA==",
          "requires": {
            "hammerjs": "2.0.8",
            "jquery": "3.3.1"
          }
        }
      }
    },
    "parse5": {
      "version": "5.0.0",
      "resolved": "https://registry.npmjs.org/parse5/-/parse5-5.0.0.tgz",
      "integrity": "sha512-0ywuiUOnpWWeil5grH2rxjyTJoeQVwyBuO2si6QIU9dWtj2npjuyK1HaY1RbLnVfDhEbhyAPNUBKRK0Xj2xE0w=="
    },
    "tslib": {
      "version": "1.9.3",
      "resolved": "https://registry.npmjs.org/tslib/-/tslib-1.9.3.tgz",
      "integrity": "sha512-4krF8scpejhaOgqzBEcGM7yDIEfi0/8+8zDRZhNZZ2kjmHJ4hv3zCbQWxoJGz1iw5U0Jl0nma13xzHXcncMavQ=="
    }
  }
}
